// !$*UTF8*$!
{
	archiveVersion = 1;
	classes = {
	};
	objectVersion = 46;
	objects = {

/* Begin PBXBuildFile section */
		C9173583649E99B660183317 /* ViewController.swift in Sources */ = {isa = PBXBuildFile; fileRef = C9173E9DFD5D2BD5569D3033 /* ViewController.swift */; };
		C9173878B28806928F4189BA /* AppDelegate.swift in Sources */ = {isa = PBXBuildFile; fileRef = C917395F9241542FF9D2BB57 /* AppDelegate.swift */; };
		C9173CA7AFF82C6B4F6C4CB0 /* LaunchScreen.storyboard in Resources */ = {isa = PBXBuildFile; fileRef = C9173303ADFE64BD52103A3B /* LaunchScreen.storyboard */; };
		C9173DC4971ABC4AEFD5A966 /* Main.storyboard in Resources */ = {isa = PBXBuildFile; fileRef = C91730EAAF0F885AA0F6BAAC /* Main.storyboard */; };
		C9173E703CABA9E613DFC0CD /* Assets.xcassets in Resources */ = {isa = PBXBuildFile; fileRef = C9173B337532502F7D25CF76 /* Assets.xcassets */; };
/* End PBXBuildFile section */

/* Begin PBXFileReference section */
		C91734F7C086115535DA6D2C /* Base */ = {isa = PBXFileReference; lastKnownFileType = file.storyboard; name = Base; path = Base.lproj/LaunchScreen.storyboard; sourceTree = "<group>"; };
		C917395F9241542FF9D2BB57 /* AppDelegate.swift */ = {isa = PBXFileReference; lastKnownFileType = sourcecode.swift; path = AppDelegate.swift; sourceTree = "<group>"; };
		C91739D20D229C65C63C65DC /* Info.plist */ = {isa = PBXFileReference; lastKnownFileType = text.plist.info; path = Info.plist; sourceTree = "<group>"; };
		C9173B337532502F7D25CF76 /* Assets.xcassets */ = {isa = PBXFileReference; lastKnownFileType = folder.assetcatalog; path = Assets.xcassets; sourceTree = "<group>"; };
		C9173D3AB244E5DDD0A527EF /* Base */ = {isa = PBXFileReference; lastKnownFileType = file.storyboard; name = Base; path = Base.lproj/Main.storyboard; sourceTree = "<group>"; };
		C9173D7CB7CC6298C7815649 /* SnapkitTest2.app */ = {isa = PBXFileReference; explicitFileType = wrapper.application; includeInIndex = 0; path = SnapkitTest2.app; sourceTree = BUILT_PRODUCTS_DIR; };
		C9173E9DFD5D2BD5569D3033 /* ViewController.swift */ = {isa = PBXFileReference; lastKnownFileType = sourcecode.swift; path = ViewController.swift; sourceTree = "<group>"; };
/* End PBXFileReference section */

/* Begin PBXFrameworksBuildPhase section */
		C9173D0E90AD1A70612F0783 /* Frameworks */ = {
			isa = PBXFrameworksBuildPhase;
			buildActionMask = 2147483647;
			files = (
			);
			runOnlyForDeploymentPostprocessing = 0;
		};
/* End PBXFrameworksBuildPhase section */

/* Begin PBXGroup section */
		C91730AD4637A666DB4ED5E8 /* SnapkitTest2 */ = {
			isa = PBXGroup;
			children = (
				C91739D20D229C65C63C65DC /* Info.plist */,
				C9173B337532502F7D25CF76 /* Assets.xcassets */,
				C9173303ADFE64BD52103A3B /* LaunchScreen.storyboard */,
				C917395F9241542FF9D2BB57 /* AppDelegate.swift */,
				C91730EAAF0F885AA0F6BAAC /* Main.storyboard */,
				C9173E9DFD5D2BD5569D3033 /* ViewController.swift */,
			);
			path = SnapkitTest2;
			sourceTree = "<group>";
		};
		C9173D26A72951E2E7C8C039 = {
			isa = PBXGroup;
			children = (
				C9173DC6AB420C074247E3CE /* Products */,
				C91730AD4637A666DB4ED5E8 /* SnapkitTest2 */,
			);
			sourceTree = "<group>";
		};
		C9173DC6AB420C074247E3CE /* Products */ = {
			isa = PBXGroup;
			children = (
				C9173D7CB7CC6298C7815649 /* SnapkitTest2.app */,
			);
			name = Products;
			sourceTree = "<group>";
		};
/* End PBXGroup section */

/* Begin PBXNativeTarget section */
		C9173A2F97B11B581A940F4D /* SnapkitTest2 */ = {
			isa = PBXNativeTarget;
			buildConfigurationList = C9173D97572BB843ECBEBF6F /* Build configuration list for PBXNativeTarget "SnapkitTest2" */;
			buildPhases = (
				C9173D781CB68D55A67CAF16 /* Sources */,
				C9173D0E90AD1A70612F0783 /* Frameworks */,
				C9173B1709FC285009A16ACF /* Resources */,
			);
			buildRules = (
			);
			dependencies = (
			);
			name = SnapkitTest2;
			productName = SnapkitTest2;
			productReference = C9173D7CB7CC6298C7815649 /* SnapkitTest2.app */;
			productType = "com.apple.product-type.application";
		};
/* End PBXNativeTarget section */

/* Begin PBXProject section */
		C91731A109596B3CFAB43F54 /* Project object */ = {
			isa = PBXProject;
			attributes = {
				ORGANIZATIONNAME = "mint-soft";
			};
			buildConfigurationList = C9173FBBEEABF8923CD54E74 /* Build configuration list for PBXProject "SnapkitTest2" */;
			compatibilityVersion = "Xcode 3.2";
			developmentRegion = English;
			hasScannedForEncodings = 0;
			knownRegions = (
				en,
			);
			mainGroup = C9173D26A72951E2E7C8C039;
			productRefGroup = C9173DC6AB420C074247E3CE /* Products */;
			projectDirPath = "";
			projectRoot = "";
			targets = (
				C9173A2F97B11B581A940F4D /* SnapkitTest2 */,
			);
		};
/* End PBXProject section */

/* Begin PBXResourcesBuildPhase section */
		C9173B1709FC285009A16ACF /* Resources */ = {
			isa = PBXResourcesBuildPhase;
			buildActionMask = 2147483647;
			files = (
				C9173E703CABA9E613DFC0CD /* Assets.xcassets in Resources */,
				C9173CA7AFF82C6B4F6C4CB0 /* LaunchScreen.storyboard in Resources */,
				C9173DC4971ABC4AEFD5A966 /* Main.storyboard in Resources */,
			);
			runOnlyForDeploymentPostprocessing = 0;
		};
/* End PBXResourcesBuildPhase section */

/* Begin PBXSourcesBuildPhase section */
		C9173D781CB68D55A67CAF16 /* Sources */ = {
			isa = PBXSourcesBuildPhase;
			buildActionMask = 2147483647;
			files = (
				C9173878B28806928F4189BA /* AppDelegate.swift in Sources */,
				C9173583649E99B660183317 /* ViewController.swift in Sources */,
			);
			runOnlyForDeploymentPostprocessing = 0;
		};
/* End PBXSourcesBuildPhase section */

/* Begin PBXVariantGroup section */
		C91730EAAF0F885AA0F6BAAC /* Main.storyboard */ = {
			isa = PBXVariantGroup;
			children = (
				C9173D3AB244E5DDD0A527EF /* Base */,
			);
			name = Main.storyboard;
			sourceTree = "<group>";
		};
		C9173303ADFE64BD52103A3B /* LaunchScreen.storyboard */ = {
			isa = PBXVariantGroup;
			children = (
				C91734F7C086115535DA6D2C /* Base */,
			);
			name = LaunchScreen.storyboard;
			sourceTree = "<group>";
		};
/* End PBXVariantGroup section */

/* Begin XCBuildConfiguration section */
		C917307E9910BE02E3E8D2DE /* Release */ = {
			isa = XCBuildConfiguration;
			buildSettings = {
				ASSETCATALOG_COMPILER_APPICON_NAME = AppIcon;
				INFOPLIST_FILE = SnapkitTest2/Info.plist;
				LD_RUNPATH_SEARCH_PATHS = "$(inherited) @executable_path/Frameworks";
				PRODUCT_BUNDLE_IDENTIFIER = com.mintsoft.SnapkitTest2;
				PRODUCT_NAME = "$(TARGET_NAME)";
				SWIFT_VERSION = 4.0;
				TARGETED_DEVICE_FAMILY = "1,2";
			};
			name = Release;
		};
		C91736798F2BD4BFE4372AE8 /* Debug */ = {
			isa = XCBuildConfiguration;
			buildSettings = {
				ALWAYS_SEARCH_USER_PATHS = NO;
				CLANG_ANALYZER_NONNULL = YES;
				CLANG_ANALYZER_NUMBER_OBJECT_CONVERSION = YES_AGGRESSIVE;
				CLANG_CXX_LANGUAGE_STANDARD = "gnu++14";
				CLANG_CXX_LIBRARY = "libc++";
				CLANG_ENABLE_MODULES = YES;
				CLANG_ENABLE_OBJC_ARC = YES;
				CLANG_WARN_BLOCK_CAPTURE_AUTORELEASING = YES;
				CLANG_WARN_BOOL_CONVERSION = YES;
				CLANG_WARN_COMMA = YES;
				CLANG_WARN_CONSTANT_CONVERSION = YES;
				CLANG_WARN_DIRECT_OBJC_ISA_USAGE = YES_ERROR;
				CLANG_WARN_DOCUMENTATION_COMMENTS = YES;
				CLANG_WARN_EMPTY_BODY = YES;
				CLANG_WARN_ENUM_CONVERSION = YES;
				CLANG_WARN_INFINITE_RECURSION = YES;
				CLANG_WARN_INT_CONVERSION = YES;
				CLANG_WARN_NON_LITERAL_NULL_CONVERSION = YES;
				CLANG_WARN_OBJC_LITERAL_CONVERSION = YES;
				CLANG_WARN_OBJC_ROOT_CLASS = YES_ERROR;
				CLANG_WARN_RANGE_LOOP_ANALYSIS = YES;
				CLANG_WARN_STRICT_PROTOTYPES = YES;
				CLANG_WARN_SUSPICIOUS_MOVE = YES;
				CLANG_WARN_UNGUARDED_AVAILABILITY = YES_AGGRESSIVE;
				CLANG_WARN_UNREACHABLE_CODE = YES;
				CLANG_WARN__DUPLICATE_METHOD_MATCH = YES;
				CODE_SIGN_IDENTITY = "iPhone Developer";
				COPY_PHASE_STRIP = NO;
				DEBUG_INFORMATION_FORMAT = dwarf;
				ENABLE_STRICT_OBJC_MSGSEND = YES;
				ENABLE_TESTABILITY = YES;
				GCC_C_LANGUAGE_STANDARD = gnu11;
				GCC_DYNAMIC_NO_PIC = NO;
				GCC_NO_COMMON_BLOCKS = YES;
				GCC_OPTIMIZATION_LEVEL = 0;
				GCC_PREPROCESSOR_DEFINITIONS = (
					"DEBUG=1",
					"$(inherited)",
				);
				GCC_WARN_64_TO_32_BIT_CONVERSION = YES;
				GCC_WARN_ABOUT_RETURN_TYPE = YES_ERROR;
				GCC_WARN_UNDECLARED_SELECTOR = YES;
				GCC_WARN_UNINITIALIZED_AUTOS = YES_AGGRESSIVE;
				GCC_WARN_UNUSED_FUNCTION = YES;
				GCC_WARN_UNUSED_VARIABLE = YES;
				IPHONEOS_DEPLOYMENT_TARGET = 11.2;
				MTL_ENABLE_DEBUG_INFO = YES;
				ONLY_ACTIVE_ARCH = YES;
				SDKROOT = iphoneos;
				SWIFT_ACTIVE_COMPILATION_CONDITIONS = DEBUG;
				SWIFT_OPTIMIZATION_LEVEL = "-Onone";
			};
			name = Debug;
		};
		C9173E5B086565B7501CE471 /* Debug */ = {
			isa = XCBuildConfiguration;
			buildSettings = {
				ASSETCATALOG_COMPILER_APPICON_NAME = AppIcon;
				INFOPLIST_FILE = SnapkitTest2/Info.plist;
				LD_RUNPATH_SEARCH_PATHS = "$(inherited) @executable_path/Frameworks";
				PRODUCT_BUNDLE_IDENTIFIER = com.mintsoft.SnapkitTest2;
				PRODUCT_NAME = "$(TARGET_NAME)";
				SWIFT_VERSION = 4.0;
				TARGETED_DEVICE_FAMILY = "1,2";
			};
			name = Debug;
		};
		C9173FB56E8EB2E19B2F7182 /* Release */ = {
			isa = XCBuildConfiguration;
			buildSettings = {
				ALWAYS_SEARCH_USER_PATHS = NO;
				CLANG_ANALYZER_NONNULL = YES;
				CLANG_ANALYZER_NUMBER_OBJECT_CONVERSION = YES_AGGRESSIVE;
				CLANG_CXX_LANGUAGE_STANDARD = "gnu++14";
				CLANG_CXX_LIBRARY = "libc++";
				CLANG_ENABLE_MODULES = YES;
				CLANG_ENABLE_OBJC_ARC = YES;
				CLANG_WARN_BLOCK_CAPTURE_AUTORELEASING = YES;
				CLANG_WARN_BOOL_CONVERSION = YES;
				CLANG_WARN_COMMA = YES;
				CLANG_WARN_CONSTANT_CONVERSION = YES;
				CLANG_WARN_DIRECT_OBJC_ISA_USAGE = YES_ERROR;
				CLANG_WARN_DOCUMENTATION_COMMENTS = YES;
				CLANG_WARN_EMPTY_BODY = YES;
				CLANG_WARN_ENUM_CONVERSION = YES;
				CLANG_WARN_INFINITE_RECURSION = YES;
				CLANG_WARN_INT_CONVERSION = YES;
				CLANG_WARN_NON_LITERAL_NULL_CONVERSION = YES;
				CLANG_WARN_OBJC_LITERAL_CONVERSION = YES;
				CLANG_WARN_OBJC_ROOT_CLASS = YES_ERROR;
				CLANG_WARN_RANGE_LOOP_ANALYSIS = YES;
				CLANG_WARN_STRICT_PROTOTYPES = YES;
				CLANG_WARN_SUSPICIOUS_MOVE = YES;
				CLANG_WARN_UNGUARDED_AVAILABILITY = YES_AGGRESSIVE;
				CLANG_WARN_UNREACHABLE_CODE = YES;
				CLANG_WARN__DUPLICATE_METHOD_MATCH = YES;
				CODE_SIGN_IDENTITY = "iPhone Developer";
				COPY_PHASE_STRIP = NO;
				DEBUG_INFORMATION_FORMAT = "dwarf-with-dsym";
				ENABLE_NS_ASSERTIONS = NO;
				ENABLE_STRICT_OBJC_MSGSEND = YES;
				GCC_C_LANGUAGE_STANDARD = gnu11;
				GCC_NO_COMMON_BLOCKS = YES;
				GCC_WARN_64_TO_32_BIT_CONVERSION = YES;
				GCC_WARN_ABOUT_RETURN_TYPE = YES_ERROR;
				GCC_WARN_UNDECLARED_SELECTOR = YES;
				GCC_WARN_UNINITIALIZED_AUTOS = YES_AGGRESSIVE;
				GCC_WARN_UNUSED_FUNCTION = YES;
				GCC_WARN_UNUSED_VARIABLE = YES;
				IPHONEOS_DEPLOYMENT_TARGET = 11.2;
				MTL_ENABLE_DEBUG_INFO = NO;
				SDKROOT = iphoneos;
				SWIFT_OPTIMIZATION_LEVEL = "-Owholemodule";
				VALIDATE_PRODUCT = YES;
			};
			name = Release;
		};
/* End XCBuildConfiguration section */

/* Begin XCConfigurationList section */
		C9173D97572BB843ECBEBF6F /* Build configuration list for PBXNativeTarget "SnapkitTest2" */ = {
			isa = XCConfigurationList;
			buildConfigurations = (
				C9173E5B086565B7501CE471 /* Debug */,
				C917307E9910BE02E3E8D2DE /* Release */,
			);
			defaultConfigurationIsVisible = 0;
		};
		C9173FBBEEABF8923CD54E74 /* Build configuration list for PBXProject "SnapkitTest2" */ = {
			isa = XCConfigurationList;
			buildConfigurations = (
				C91736798F2BD4BFE4372AE8 /* Debug */,
				C9173FB56E8EB2E19B2F7182 /* Release */,
			);
			defaultConfigurationIsVisible = 0;
			defaultConfigurationName = Release;
		};
/* End XCConfigurationList section */
	};
	rootObject = C91731A109596B3CFAB43F54 /* Project object */;
}
